
Microsoft Visual Studio Solution File, Format Version 12.00
# Visual Studio Version 17
VisualStudioVersion = 17.2.32526.322
MinimumVisualStudioVersion = 10.0.40219.1
Project("{9A19103F-16F7-4668-BE54-9A1E7A4F7556}") = "ClassLibrary", "ClassLibrary\ClassLibrary.csproj", "{6B887A30-37B2-4FC7-9902-813405C12BE7}"
EndProject
Project("{9A19103F-16F7-4668-BE54-9A1E7A4F7556}") = "Manager", "Manager\Manager.csproj", "{ACF7037E-5076-4DBA-A776-4C14B0BF9585}"
EndProject
Project("{FAE04EC0-301F-11D3-BF4B-00C04F79EFBC}") = "FunctionApp", "FunctionApp\FunctionApp.csproj", "{63169933-BD90-4822-A9FB-40677944CF9F}"
EndProject
Global
	GlobalSection(SolutionConfigurationPlatforms) = preSolution
		Debug|Any CPU = Debug|Any CPU
		Release|Any CPU = Release|Any CPU
	EndGlobalSection
	GlobalSection(ProjectConfigurationPlatforms) = postSolution
		{6B887A30-37B2-4FC7-9902-813405C12BE7}.Debug|Any CPU.ActiveCfg = Debug|Any CPU
		{6B887A30-37B2-4FC7-9902-813405C12BE7}.Debug|Any CPU.Build.0 = Debug|Any CPU
		{6B887A30-37B2-4FC7-9902-813405C12BE7}.Release|Any CPU.ActiveCfg = Release|Any CPU
		{6B887A30-37B2-4FC7-9902-813405C12BE7}.Release|Any CPU.Build.0 = Release|Any CPU
		{ACF7037E-5076-4DBA-A776-4C14B0BF9585}.Debug|Any CPU.ActiveCfg = Debug|Any CPU
		{ACF7037E-5076-4DBA-A776-4C14B0BF9585}.Debug|Any CPU.Build.0 = Debug|Any CPU
		{ACF7037E-5076-4DBA-A776-4C14B0BF9585}.Release|Any CPU.ActiveCfg = Release|Any CPU
		{ACF7037E-5076-4DBA-A776-4C14B0BF9585}.Release|Any CPU.Build.0 = Release|Any CPU
		{63169933-BD90-4822-A9FB-40677944CF9F}.Debug|Any CPU.ActiveCfg = Debug|Any CPU
		{63169933-BD90-4822-A9FB-40677944CF9F}.Debug|Any CPU.Build.0 = Debug|Any CPU
		{63169933-BD90-4822-A9FB-40677944CF9F}.Release|Any CPU.ActiveCfg = Release|Any CPU
		{63169933-BD90-4822-A9FB-40677944CF9F}.Release|Any CPU.Build.0 = Release|Any CPU
	EndGlobalSection
	GlobalSection(SolutionProperties) = preSolution
		HideSolutionNode = FALSE
	EndGlobalSection
	GlobalSection(ExtensibilityGlobals) = postSolution
		SolutionGuid = {47E013DF-CF7D-4E32-B475-FB5267337BA2}
	EndGlobalSection
EndGlobal
