
Microsoft Visual Studio Solution File, Format Version 12.00
# Visual Studio Version 17
VisualStudioVersion = 17.7.34031.279
MinimumVisualStudioVersion = 10.0.40219.1
Project("{9A19103F-16F7-4668-BE54-9A1E7A4F7556}") = "ClassLibrary", "ClassLibrary\ClassLibrary.csproj", "{904D3DE5-73FD-4918-9B68-07E3FA52E3AA}"
EndProject
Project("{9A19103F-16F7-4668-BE54-9A1E7A4F7556}") = "TransferTickets", "TransferTickets\TransferTickets.csproj", "{43319483-D27E-4E9B-93BE-F47F71420BFD}"
EndProject
Project("{9A19103F-16F7-4668-BE54-9A1E7A4F7556}") = "TicketCurrency", "TicketCurrency\TicketCurrency.csproj", "{78125517-4DAB-414A-90E9-FB04924D72C9}"
EndProject
Project("{FAE04EC0-301F-11D3-BF4B-00C04F79EFBC}") = "TicketInflation", "TicketInflation\TicketInflation.csproj", "{99318CA3-0986-4273-A544-5A79DAC446AD}"
EndProject
Global
	GlobalSection(SolutionConfigurationPlatforms) = preSolution
		Debug|Any CPU = Debug|Any CPU
		Release|Any CPU = Release|Any CPU
	EndGlobalSection
	GlobalSection(ProjectConfigurationPlatforms) = postSolution
		{904D3DE5-73FD-4918-9B68-07E3FA52E3AA}.Debug|Any CPU.ActiveCfg = Debug|Any CPU
		{904D3DE5-73FD-4918-9B68-07E3FA52E3AA}.Debug|Any CPU.Build.0 = Debug|Any CPU
		{904D3DE5-73FD-4918-9B68-07E3FA52E3AA}.Release|Any CPU.ActiveCfg = Release|Any CPU
		{904D3DE5-73FD-4918-9B68-07E3FA52E3AA}.Release|Any CPU.Build.0 = Release|Any CPU
		{43319483-D27E-4E9B-93BE-F47F71420BFD}.Debug|Any CPU.ActiveCfg = Debug|Any CPU
		{43319483-D27E-4E9B-93BE-F47F71420BFD}.Debug|Any CPU.Build.0 = Debug|Any CPU
		{43319483-D27E-4E9B-93BE-F47F71420BFD}.Release|Any CPU.ActiveCfg = Release|Any CPU
		{43319483-D27E-4E9B-93BE-F47F71420BFD}.Release|Any CPU.Build.0 = Release|Any CPU
		{78125517-4DAB-414A-90E9-FB04924D72C9}.Debug|Any CPU.ActiveCfg = Debug|Any CPU
		{78125517-4DAB-414A-90E9-FB04924D72C9}.Debug|Any CPU.Build.0 = Debug|Any CPU
		{78125517-4DAB-414A-90E9-FB04924D72C9}.Release|Any CPU.ActiveCfg = Release|Any CPU
		{78125517-4DAB-414A-90E9-FB04924D72C9}.Release|Any CPU.Build.0 = Release|Any CPU
		{99318CA3-0986-4273-A544-5A79DAC446AD}.Debug|Any CPU.ActiveCfg = Debug|Any CPU
		{99318CA3-0986-4273-A544-5A79DAC446AD}.Debug|Any CPU.Build.0 = Debug|Any CPU
		{99318CA3-0986-4273-A544-5A79DAC446AD}.Release|Any CPU.ActiveCfg = Release|Any CPU
		{99318CA3-0986-4273-A544-5A79DAC446AD}.Release|Any CPU.Build.0 = Release|Any CPU
	EndGlobalSection
	GlobalSection(SolutionProperties) = preSolution
		HideSolutionNode = FALSE
	EndGlobalSection
	GlobalSection(ExtensibilityGlobals) = postSolution
		SolutionGuid = {55B64B8B-21FC-4142-9C1F-95D0715B5593}
	EndGlobalSection
EndGlobal
